<?xml version="1.0" encoding="utf-8"?>
<Project ToolsVersion="4.0" xmlns="http://schemas.microsoft.com/developer/msbuild/2003">
  <ItemGroup>
    <None Include="ReadMe.txt" />
  </ItemGroup>
  <ItemGroup>
    <Filter Include="src">
      <UniqueIdentifier>{d19fc994-3633-44a9-a69d-ee6c2b9c8432}</UniqueIdentifier>
    </Filter>
    <Filter Include="include">
      <UniqueIdentifier>{385d53e8-799b-4d8e-90c6-584c80843b91}</UniqueIdentifier>
    </Filter>
  </ItemGroup>
  <ItemGroup>
    <ClCompile Include="..\..\src\TreeList.cpp">
      <Filter>src</Filter>
    </ClCompile>
  </ItemGroup>
  <ItemGroup>
    <ClInclude Include="..\..\include\TreeList.h">
      <Filter>include</Filter>
    </ClInclude>
  </ItemGroup>
</Project>